
Microsoft Visual Studio Solution File, Format Version 12.00
# Visual Studio Version 16
VisualStudioVersion = 16.0.31729.503
MinimumVisualStudioVersion = 10.0.40219.1
Project("{FAE04EC0-301F-11D3-BF4B-00C04F79EFBC}") = "PDMI6_TP_Final.Android", "PDMI6_TP_Final\PDMI6_TP_Final.Android\PDMI6_TP_Final.Android.csproj", "{5795AAB1-35FA-4E61-B9F0-07B039DF4F39}"
EndProject
Project("{FAE04EC0-301F-11D3-BF4B-00C04F79EFBC}") = "PDMI6_TP_Final", "PDMI6_TP_Final\PDMI6_TP_Final\PDMI6_TP_Final.csproj", "{8CB86B56-99A9-4642-B7CF-23C2769E15D8}"
EndProject
Global
	GlobalSection(SolutionConfigurationPlatforms) = preSolution
		Debug|Any CPU = Debug|Any CPU
		Release|Any CPU = Release|Any CPU
	EndGlobalSection
	GlobalSection(ProjectConfigurationPlatforms) = postSolution
		{5795AAB1-35FA-4E61-B9F0-07B039DF4F39}.Debug|Any CPU.ActiveCfg = Debug|Any CPU
		{5795AAB1-35FA-4E61-B9F0-07B039DF4F39}.Debug|Any CPU.Build.0 = Debug|Any CPU
		{5795AAB1-35FA-4E61-B9F0-07B039DF4F39}.Debug|Any CPU.Deploy.0 = Debug|Any CPU
		{5795AAB1-35FA-4E61-B9F0-07B039DF4F39}.Release|Any CPU.ActiveCfg = Release|Any CPU
		{5795AAB1-35FA-4E61-B9F0-07B039DF4F39}.Release|Any CPU.Build.0 = Release|Any CPU
		{5795AAB1-35FA-4E61-B9F0-07B039DF4F39}.Release|Any CPU.Deploy.0 = Release|Any CPU
		{8CB86B56-99A9-4642-B7CF-23C2769E15D8}.Debug|Any CPU.ActiveCfg = Debug|Any CPU
		{8CB86B56-99A9-4642-B7CF-23C2769E15D8}.Debug|Any CPU.Build.0 = Debug|Any CPU
		{8CB86B56-99A9-4642-B7CF-23C2769E15D8}.Debug|Any CPU.Deploy.0 = Debug|Any CPU
		{8CB86B56-99A9-4642-B7CF-23C2769E15D8}.Release|Any CPU.ActiveCfg = Release|Any CPU
		{8CB86B56-99A9-4642-B7CF-23C2769E15D8}.Release|Any CPU.Build.0 = Release|Any CPU
		{8CB86B56-99A9-4642-B7CF-23C2769E15D8}.Release|Any CPU.Deploy.0 = Release|Any CPU
	EndGlobalSection
	GlobalSection(SolutionProperties) = preSolution
		HideSolutionNode = FALSE
	EndGlobalSection
	GlobalSection(ExtensibilityGlobals) = postSolution
		SolutionGuid = {D0C062AA-9BC6-40D2-BA6A-890D23DE8301}
	EndGlobalSection
EndGlobal
